
Microsoft Visual Studio Solution File, Format Version 12.00
# Visual Studio Version 17
VisualStudioVersion = 17.4.33213.308
MinimumVisualStudioVersion = 10.0.40219.1
Project("{FAE04EC0-301F-11D3-BF4B-00C04F79EFBC}") = "gXadrez_Console", "gXadrez_Console\gXadrez_Console.csproj", "{742F9B89-BB71-448A-953E-EA8D0137C826}"
EndProject
Global
	GlobalSection(SolutionConfigurationPlatforms) = preSolution
		Debug|Any CPU = Debug|Any CPU
		Release|Any CPU = Release|Any CPU
	EndGlobalSection
	GlobalSection(ProjectConfigurationPlatforms) = postSolution
		{742F9B89-BB71-448A-953E-EA8D0137C826}.Debug|Any CPU.ActiveCfg = Debug|Any CPU
		{742F9B89-BB71-448A-953E-EA8D0137C826}.Debug|Any CPU.Build.0 = Debug|Any CPU
		{742F9B89-BB71-448A-953E-EA8D0137C826}.Release|Any CPU.ActiveCfg = Release|Any CPU
		{742F9B89-BB71-448A-953E-EA8D0137C826}.Release|Any CPU.Build.0 = Release|Any CPU
	EndGlobalSection
	GlobalSection(SolutionProperties) = preSolution
		HideSolutionNode = FALSE
	EndGlobalSection
	GlobalSection(ExtensibilityGlobals) = postSolution
		SolutionGuid = {CDC1254B-7313-4BF5-BA0A-A1DA330D013C}
	EndGlobalSection
EndGlobal
